
Microsoft Visual Studio Solution File, Format Version 12.00
# Visual Studio Version 17
VisualStudioVersion = 17.3.32811.315
MinimumVisualStudioVersion = 10.0.40219.1
Project("{FAE04EC0-301F-11D3-BF4B-00C04F79EFBC}") = "WindowsFormsApp4", "WindowsFormsApp4.csproj", "{079BF387-9F87-4E4A-B83A-701F7773AEF5}"
EndProject
Project("{FAE04EC0-301F-11D3-BF4B-00C04F79EFBC}") = "UnitTestProject2", "..\UnitTestProject2\UnitTestProject2.csproj", "{06D43288-B7E8-49E3-8579-C247086621D5}"
EndProject
Project("{FAE04EC0-301F-11D3-BF4B-00C04F79EFBC}") = "WindowsFormsApp5", "..\WindowsFormsApp5\WindowsFormsApp5.csproj", "{34979D60-6A36-45AA-9C47-6051948A6468}"
EndProject
Global
	GlobalSection(SolutionConfigurationPlatforms) = preSolution
		Debug|Any CPU = Debug|Any CPU
		Release|Any CPU = Release|Any CPU
	EndGlobalSection
	GlobalSection(ProjectConfigurationPlatforms) = postSolution
		{079BF387-9F87-4E4A-B83A-701F7773AEF5}.Debug|Any CPU.ActiveCfg = Debug|Any CPU
		{079BF387-9F87-4E4A-B83A-701F7773AEF5}.Debug|Any CPU.Build.0 = Debug|Any CPU
		{079BF387-9F87-4E4A-B83A-701F7773AEF5}.Release|Any CPU.ActiveCfg = Release|Any CPU
		{079BF387-9F87-4E4A-B83A-701F7773AEF5}.Release|Any CPU.Build.0 = Release|Any CPU
		{06D43288-B7E8-49E3-8579-C247086621D5}.Debug|Any CPU.ActiveCfg = Debug|Any CPU
		{06D43288-B7E8-49E3-8579-C247086621D5}.Debug|Any CPU.Build.0 = Debug|Any CPU
		{06D43288-B7E8-49E3-8579-C247086621D5}.Release|Any CPU.ActiveCfg = Release|Any CPU
		{06D43288-B7E8-49E3-8579-C247086621D5}.Release|Any CPU.Build.0 = Release|Any CPU
		{34979D60-6A36-45AA-9C47-6051948A6468}.Debug|Any CPU.ActiveCfg = Debug|Any CPU
		{34979D60-6A36-45AA-9C47-6051948A6468}.Debug|Any CPU.Build.0 = Debug|Any CPU
		{34979D60-6A36-45AA-9C47-6051948A6468}.Release|Any CPU.ActiveCfg = Release|Any CPU
		{34979D60-6A36-45AA-9C47-6051948A6468}.Release|Any CPU.Build.0 = Release|Any CPU
	EndGlobalSection
	GlobalSection(SolutionProperties) = preSolution
		HideSolutionNode = FALSE
	EndGlobalSection
	GlobalSection(ExtensibilityGlobals) = postSolution
		SolutionGuid = {7A689FE4-E515-4105-9492-6E7552CA51E0}
	EndGlobalSection
EndGlobal
